
Microsoft Visual Studio Solution File, Format Version 12.00
# Visual Studio 15
Project("{FAE04EC0-301F-11D3-BF4B-00C04F79EFBC}") = "New Ball", "New Ball.csproj", "{FDC33636-3B05-E848-041E-ECD2C836AE4E}"
EndProject
Project("{FAE04EC0-301F-11D3-BF4B-00C04F79EFBC}") = "New Ball.Editor", "New Ball.Editor.csproj", "{CC92F1A2-2269-1E88-6F68-D6A894C80D9D}"
EndProject
Global
	GlobalSection(SolutionConfigurationPlatforms) = preSolution
		Debug|Any CPU = Debug|Any CPU
		Release|Any CPU = Release|Any CPU
	EndGlobalSection
	GlobalSection(ProjectConfigurationPlatforms) = postSolution
		{FDC33636-3B05-E848-041E-ECD2C836AE4E}.Debug|Any CPU.ActiveCfg = Debug|Any CPU
		{FDC33636-3B05-E848-041E-ECD2C836AE4E}.Debug|Any CPU.Build.0 = Debug|Any CPU
		{FDC33636-3B05-E848-041E-ECD2C836AE4E}.Release|Any CPU.ActiveCfg = Release|Any CPU
		{FDC33636-3B05-E848-041E-ECD2C836AE4E}.Release|Any CPU.Build.0 = Release|Any CPU
		{CC92F1A2-2269-1E88-6F68-D6A894C80D9D}.Debug|Any CPU.ActiveCfg = Debug|Any CPU
		{CC92F1A2-2269-1E88-6F68-D6A894C80D9D}.Debug|Any CPU.Build.0 = Debug|Any CPU
		{CC92F1A2-2269-1E88-6F68-D6A894C80D9D}.Release|Any CPU.ActiveCfg = Release|Any CPU
		{CC92F1A2-2269-1E88-6F68-D6A894C80D9D}.Release|Any CPU.Build.0 = Release|Any CPU
	EndGlobalSection
	GlobalSection(SolutionProperties) = preSolution
		HideSolutionNode = FALSE
	EndGlobalSection
EndGlobal
